
Microsoft Visual Studio Solution File, Format Version 12.00
# Visual Studio 15
VisualStudioVersion = 15.0.28010.2036
MinimumVisualStudioVersion = 10.0.40219.1
Project("{888888A0-9F3D-457C-B088-3A5042F75D52}") = "PythonTest3", "PythonTest3\PythonTest3.pyproj", "{8FD7563C-7AFE-4F5A-8986-6E56B83987B7}"
EndProject
Global
	GlobalSection(SolutionConfigurationPlatforms) = preSolution
		Debug|Any CPU = Debug|Any CPU
		Release|Any CPU = Release|Any CPU
	EndGlobalSection
	GlobalSection(ProjectConfigurationPlatforms) = postSolution
		{8FD7563C-7AFE-4F5A-8986-6E56B83987B7}.Debug|Any CPU.ActiveCfg = Debug|Any CPU
		{8FD7563C-7AFE-4F5A-8986-6E56B83987B7}.Release|Any CPU.ActiveCfg = Release|Any CPU
	EndGlobalSection
	GlobalSection(SolutionProperties) = preSolution
		HideSolutionNode = FALSE
	EndGlobalSection
	GlobalSection(ExtensibilityGlobals) = postSolution
		SolutionGuid = {3718C537-3674-4EBB-AC0D-2B94728591C7}
	EndGlobalSection
EndGlobal
